
Microsoft Visual Studio Solution File, Format Version 12.00
# Visual Studio Version 17
VisualStudioVersion = 17.7.34031.279
MinimumVisualStudioVersion = 10.0.40219.1
Project("{9A19103F-16F7-4668-BE54-9A1E7A4F7556}") = "GithubActors", "GithubActors.csproj", "{1E76E490-9913-4254-984C-284482A38F02}"
EndProject
Global
	GlobalSection(SolutionConfigurationPlatforms) = preSolution
		Debug|Any CPU = Debug|Any CPU
		Release|Any CPU = Release|Any CPU
	EndGlobalSection
	GlobalSection(ProjectConfigurationPlatforms) = postSolution
		{1E76E490-9913-4254-984C-284482A38F02}.Debug|Any CPU.ActiveCfg = Debug|Any CPU
		{1E76E490-9913-4254-984C-284482A38F02}.Debug|Any CPU.Build.0 = Debug|Any CPU
		{1E76E490-9913-4254-984C-284482A38F02}.Release|Any CPU.ActiveCfg = Release|Any CPU
		{1E76E490-9913-4254-984C-284482A38F02}.Release|Any CPU.Build.0 = Release|Any CPU
	EndGlobalSection
	GlobalSection(SolutionProperties) = preSolution
		HideSolutionNode = FALSE
	EndGlobalSection
	GlobalSection(ExtensibilityGlobals) = postSolution
		SolutionGuid = {2CB4E5E7-F79A-49B6-88D6-68A275D6B0F1}
	EndGlobalSection
EndGlobal
